
Microsoft Visual Studio Solution File, Format Version 12.00
# Visual Studio 15
VisualStudioVersion = 15.0.26124.0
MinimumVisualStudioVersion = 15.0.26124.0
Project("{FAE04EC0-301F-11D3-BF4B-00C04F79EFBC}") = "Consumer.API", "Consumer.API\Consumer.API.csproj", "{E2609CCD-0114-42B5-AA18-327290BDF50B}"
EndProject
Project("{FAE04EC0-301F-11D3-BF4B-00C04F79EFBC}") = "Consumer.Tests", "Consumer.Tests\Consumer.Tests.csproj", "{474596E1-D931-402E-BB38-CD79DE1E54C2}"
EndProject
Global
	GlobalSection(SolutionConfigurationPlatforms) = preSolution
		Debug|Any CPU = Debug|Any CPU
		Debug|x64 = Debug|x64
		Debug|x86 = Debug|x86
		Release|Any CPU = Release|Any CPU
		Release|x64 = Release|x64
		Release|x86 = Release|x86
	EndGlobalSection
	GlobalSection(SolutionProperties) = preSolution
		HideSolutionNode = FALSE
	EndGlobalSection
	GlobalSection(ProjectConfigurationPlatforms) = postSolution
		{E2609CCD-0114-42B5-AA18-327290BDF50B}.Debug|Any CPU.ActiveCfg = Debug|Any CPU
		{E2609CCD-0114-42B5-AA18-327290BDF50B}.Debug|Any CPU.Build.0 = Debug|Any CPU
		{E2609CCD-0114-42B5-AA18-327290BDF50B}.Debug|x64.ActiveCfg = Debug|Any CPU
		{E2609CCD-0114-42B5-AA18-327290BDF50B}.Debug|x64.Build.0 = Debug|Any CPU
		{E2609CCD-0114-42B5-AA18-327290BDF50B}.Debug|x86.ActiveCfg = Debug|Any CPU
		{E2609CCD-0114-42B5-AA18-327290BDF50B}.Debug|x86.Build.0 = Debug|Any CPU
		{E2609CCD-0114-42B5-AA18-327290BDF50B}.Release|Any CPU.ActiveCfg = Release|Any CPU
		{E2609CCD-0114-42B5-AA18-327290BDF50B}.Release|Any CPU.Build.0 = Release|Any CPU
		{E2609CCD-0114-42B5-AA18-327290BDF50B}.Release|x64.ActiveCfg = Release|Any CPU
		{E2609CCD-0114-42B5-AA18-327290BDF50B}.Release|x64.Build.0 = Release|Any CPU
		{E2609CCD-0114-42B5-AA18-327290BDF50B}.Release|x86.ActiveCfg = Release|Any CPU
		{E2609CCD-0114-42B5-AA18-327290BDF50B}.Release|x86.Build.0 = Release|Any CPU
		{474596E1-D931-402E-BB38-CD79DE1E54C2}.Debug|Any CPU.ActiveCfg = Debug|Any CPU
		{474596E1-D931-402E-BB38-CD79DE1E54C2}.Debug|Any CPU.Build.0 = Debug|Any CPU
		{474596E1-D931-402E-BB38-CD79DE1E54C2}.Debug|x64.ActiveCfg = Debug|Any CPU
		{474596E1-D931-402E-BB38-CD79DE1E54C2}.Debug|x64.Build.0 = Debug|Any CPU
		{474596E1-D931-402E-BB38-CD79DE1E54C2}.Debug|x86.ActiveCfg = Debug|Any CPU
		{474596E1-D931-402E-BB38-CD79DE1E54C2}.Debug|x86.Build.0 = Debug|Any CPU
		{474596E1-D931-402E-BB38-CD79DE1E54C2}.Release|Any CPU.ActiveCfg = Release|Any CPU
		{474596E1-D931-402E-BB38-CD79DE1E54C2}.Release|Any CPU.Build.0 = Release|Any CPU
		{474596E1-D931-402E-BB38-CD79DE1E54C2}.Release|x64.ActiveCfg = Release|Any CPU
		{474596E1-D931-402E-BB38-CD79DE1E54C2}.Release|x64.Build.0 = Release|Any CPU
		{474596E1-D931-402E-BB38-CD79DE1E54C2}.Release|x86.ActiveCfg = Release|Any CPU
		{474596E1-D931-402E-BB38-CD79DE1E54C2}.Release|x86.Build.0 = Release|Any CPU
	EndGlobalSection
EndGlobal
